// !$*UTF8*$!
{
	archiveVersion = 1;
	classes = {
	};
	objectVersion = 46;
	objects = {

/* Begin PBXAggregateTarget section */
		DBDBF8271CDD113F006BE736 /* Rigel multi-device */ = {
			isa = PBXAggregateTarget;
			buildConfigurationList = DBDBF8281CDD113F006BE736 /* Build configuration list for PBXAggregateTarget "Rigel multi-device" */;
			buildPhases = (
			);
			dependencies = (
			);
			name = "Rigel multi-device";
			productName = "Rigel multi-device";
		};
/* End PBXAggregateTarget section */

/* Begin PBXBuildFile section */
		DB6ADC1D1CCDBE8200C8A5CB /* main.m in Sources */ = {isa = PBXBuildFile; fileRef = DB6ADC1C1CCDBE8200C8A5CB /* main.m */; };
		DB6ADC201CCDBE8200C8A5CB /* AppDelegate.m in Sources */ = {isa = PBXBuildFile; fileRef = DB6ADC1F1CCDBE8200C8A5CB /* AppDelegate.m */; };
		DB6ADC231CCDBE8200C8A5CB /* ViewController.m in Sources */ = {isa = PBXBuildFile; fileRef = DB6ADC221CCDBE8200C8A5CB /* ViewController.m */; };
		DB6ADC261CCDBE8200C8A5CB /* Main.storyboard in Resources */ = {isa = PBXBuildFile; fileRef = DB6ADC241CCDBE8200C8A5CB /* Main.storyboard */; };
		DB6ADC281CCDBE8200C8A5CB /* Assets.xcassets in Resources */ = {isa = PBXBuildFile; fileRef = DB6ADC271CCDBE8200C8A5CB /* Assets.xcassets */; };
		DB6ADC2B1CCDBE8200C8A5CB /* LaunchScreen.storyboard in Resources */ = {isa = PBXBuildFile; fileRef = DB6ADC291CCDBE8200C8A5CB /* LaunchScreen.storyboard */; };
		DB8E9B061CCDC64100187252 /* MultipeerConnectivity.framework in Frameworks */ = {isa = PBXBuildFile; fileRef = DB8E9B051CCDC64100187252 /* MultipeerConnectivity.framework */; };
		DBA80F791CD7F12000CF7EEF /* AbstractMultipeerController.m in Sources */ = {isa = PBXBuildFile; fileRef = DBA80F781CD7F12000CF7EEF /* AbstractMultipeerController.m */; };
		DBA80F7C1CD7F18E00CF7EEF /* MultipeerSessionManager.m in Sources */ = {isa = PBXBuildFile; fileRef = DBA80F7B1CD7F18E00CF7EEF /* MultipeerSessionManager.m */; };
		DBA80F7E1CD7F96300CF7EEF /* daddy.mp3 in Resources */ = {isa = PBXBuildFile; fileRef = DBA80F7D1CD7F96300CF7EEF /* daddy.mp3 */; };
		DBB879711CE2E022005EC483 /* PopulateResourcesIndexOperation.m in Sources */ = {isa = PBXBuildFile; fileRef = DBB879701CE2E022005EC483 /* PopulateResourcesIndexOperation.m */; };
		DBB879771CE2E928005EC483 /* RigelErrorHandler.m in Sources */ = {isa = PBXBuildFile; fileRef = DBB879761CE2E928005EC483 /* RigelErrorHandler.m */; };
		DBDBF8201CDB7823006BE736 /* MultipeerBrowserController.m in Sources */ = {isa = PBXBuildFile; fileRef = DBDBF81F1CDB7823006BE736 /* MultipeerBrowserController.m */; };
		DBDBF8231CDB8C7C006BE736 /* MultipeerAdvertiserController.m in Sources */ = {isa = PBXBuildFile; fileRef = DBDBF8221CDB8C7C006BE736 /* MultipeerAdvertiserController.m */; };
		DBDBF8261CDBFAFC006BE736 /* RigelAppContext.m in Sources */ = {isa = PBXBuildFile; fileRef = DBDBF8251CDBFAFC006BE736 /* RigelAppContext.m */; };
/* End PBXBuildFile section */

/* Begin PBXFileReference section */
		DB6ADC181CCDBE8200C8A5CB /* Rigel.app */ = {isa = PBXFileReference; explicitFileType = wrapper.application; includeInIndex = 0; path = Rigel.app; sourceTree = BUILT_PRODUCTS_DIR; };
		DB6ADC1C1CCDBE8200C8A5CB /* main.m */ = {isa = PBXFileReference; lastKnownFileType = sourcecode.c.objc; path = main.m; sourceTree = "<group>"; };
		DB6ADC1E1CCDBE8200C8A5CB /* AppDelegate.h */ = {isa = PBXFileReference; lastKnownFileType = sourcecode.c.h; path = AppDelegate.h; sourceTree = "<group>"; };
		DB6ADC1F1CCDBE8200C8A5CB /* AppDelegate.m */ = {isa = PBXFileReference; lastKnownFileType = sourcecode.c.objc; path = AppDelegate.m; sourceTree = "<group>"; };
		DB6ADC211CCDBE8200C8A5CB /* ViewController.h */ = {isa = PBXFileReference; lastKnownFileType = sourcecode.c.h; path = ViewController.h; sourceTree = "<group>"; };
		DB6ADC221CCDBE8200C8A5CB /* ViewController.m */ = {isa = PBXFileReference; lastKnownFileType = sourcecode.c.objc; path = ViewController.m; sourceTree = "<group>"; };
		DB6ADC251CCDBE8200C8A5CB /* Base */ = {isa = PBXFileReference; lastKnownFileType = file.storyboard; name = Base; path = Base.lproj/Main.storyboard; sourceTree = "<group>"; };
		DB6ADC271CCDBE8200C8A5CB /* Assets.xcassets */ = {isa = PBXFileReference; lastKnownFileType = folder.assetcatalog; path = Assets.xcassets; sourceTree = "<group>"; };
		DB6ADC2A1CCDBE8200C8A5CB /* Base */ = {isa = PBXFileReference; lastKnownFileType = file.storyboard; name = Base; path = Base.lproj/LaunchScreen.storyboard; sourceTree = "<group>"; };
		DB6ADC2C1CCDBE8200C8A5CB /* Info.plist */ = {isa = PBXFileReference; lastKnownFileType = text.plist.xml; path = Info.plist; sourceTree = "<group>"; };
		DB8E9B051CCDC64100187252 /* MultipeerConnectivity.framework */ = {isa = PBXFileReference; lastKnownFileType = wrapper.framework; name = MultipeerConnectivity.framework; path = System/Library/Frameworks/MultipeerConnectivity.framework; sourceTree = SDKROOT; };
		DBA80F771CD7F12000CF7EEF /* AbstractMultipeerController.h */ = {isa = PBXFileReference; fileEncoding = 4; lastKnownFileType = sourcecode.c.h; path = AbstractMultipeerController.h; sourceTree = "<group>"; };
		DBA80F781CD7F12000CF7EEF /* AbstractMultipeerController.m */ = {isa = PBXFileReference; fileEncoding = 4; lastKnownFileType = sourcecode.c.objc; path = AbstractMultipeerController.m; sourceTree = "<group>"; };
		DBA80F7A1CD7F18E00CF7EEF /* MultipeerSessionManager.h */ = {isa = PBXFileReference; fileEncoding = 4; lastKnownFileType = sourcecode.c.h; path = MultipeerSessionManager.h; sourceTree = "<group>"; };
		DBA80F7B1CD7F18E00CF7EEF /* MultipeerSessionManager.m */ = {isa = PBXFileReference; fileEncoding = 4; lastKnownFileType = sourcecode.c.objc; path = MultipeerSessionManager.m; sourceTree = "<group>"; };
		DBA80F7D1CD7F96300CF7EEF /* daddy.mp3 */ = {isa = PBXFileReference; lastKnownFileType = audio.mp3; path = daddy.mp3; sourceTree = "<group>"; };
		DBB8796F1CE2E022005EC483 /* PopulateResourcesIndexOperation.h */ = {isa = PBXFileReference; fileEncoding = 4; lastKnownFileType = sourcecode.c.h; path = PopulateResourcesIndexOperation.h; sourceTree = "<group>"; };
		DBB879701CE2E022005EC483 /* PopulateResourcesIndexOperation.m */ = {isa = PBXFileReference; fileEncoding = 4; lastKnownFileType = sourcecode.c.objc; path = PopulateResourcesIndexOperation.m; sourceTree = "<group>"; };
		DBB879751CE2E928005EC483 /* RigelErrorHandler.h */ = {isa = PBXFileReference; fileEncoding = 4; lastKnownFileType = sourcecode.c.h; path = RigelErrorHandler.h; sourceTree = "<group>"; };
		DBB879761CE2E928005EC483 /* RigelErrorHandler.m */ = {isa = PBXFileReference; fileEncoding = 4; lastKnownFileType = sourcecode.c.objc; path = RigelErrorHandler.m; sourceTree = "<group>"; };
		DBDBF81E1CDB7823006BE736 /* MultipeerBrowserController.h */ = {isa = PBXFileReference; fileEncoding = 4; lastKnownFileType = sourcecode.c.h; path = MultipeerBrowserController.h; sourceTree = "<group>"; };
		DBDBF81F1CDB7823006BE736 /* MultipeerBrowserController.m */ = {isa = PBXFileReference; fileEncoding = 4; lastKnownFileType = sourcecode.c.objc; path = MultipeerBrowserController.m; sourceTree = "<group>"; };
		DBDBF8211CDB8C7C006BE736 /* MultipeerAdvertiserController.h */ = {isa = PBXFileReference; fileEncoding = 4; lastKnownFileType = sourcecode.c.h; path = MultipeerAdvertiserController.h; sourceTree = "<group>"; };
		DBDBF8221CDB8C7C006BE736 /* MultipeerAdvertiserController.m */ = {isa = PBXFileReference; fileEncoding = 4; lastKnownFileType = sourcecode.c.objc; path = MultipeerAdvertiserController.m; sourceTree = "<group>"; };
		DBDBF8241CDBFAFC006BE736 /* RigelAppContext.h */ = {isa = PBXFileReference; fileEncoding = 4; lastKnownFileType = sourcecode.c.h; path = RigelAppContext.h; sourceTree = "<group>"; };
		DBDBF8251CDBFAFC006BE736 /* RigelAppContext.m */ = {isa = PBXFileReference; fileEncoding = 4; lastKnownFileType = sourcecode.c.objc; path = RigelAppContext.m; sourceTree = "<group>"; };
/* End PBXFileReference section */

/* Begin PBXFrameworksBuildPhase section */
		DB6ADC151CCDBE8200C8A5CB /* Frameworks */ = {
			isa = PBXFrameworksBuildPhase;
			buildActionMask = 2147483647;
			files = (
				DB8E9B061CCDC64100187252 /* MultipeerConnectivity.framework in Frameworks */,
			);
			runOnlyForDeploymentPostprocessing = 0;
		};
/* End PBXFrameworksBuildPhase section */

/* Begin PBXGroup section */
		DB6ADC0F1CCDBE8200C8A5CB = {
			isa = PBXGroup;
			children = (
				DBA80F761CD7EBA900CF7EEF /* Frameworks */,
				DB6ADC1A1CCDBE8200C8A5CB /* Rigel */,
				DB6ADC191CCDBE8200C8A5CB /* Products */,
			);
			sourceTree = "<group>";
		};
		DB6ADC191CCDBE8200C8A5CB /* Products */ = {
			isa = PBXGroup;
			children = (
				DB6ADC181CCDBE8200C8A5CB /* Rigel.app */,
			);
			name = Products;
			sourceTree = "<group>";
		};
		DB6ADC1A1CCDBE8200C8A5CB /* Rigel */ = {
			isa = PBXGroup;
			children = (
				DB6ADC1E1CCDBE8200C8A5CB /* AppDelegate.h */,
				DB6ADC1F1CCDBE8200C8A5CB /* AppDelegate.m */,
				DBDBF81E1CDB7823006BE736 /* MultipeerBrowserController.h */,
				DBDBF81F1CDB7823006BE736 /* MultipeerBrowserController.m */,
				DBDBF8211CDB8C7C006BE736 /* MultipeerAdvertiserController.h */,
				DBDBF8221CDB8C7C006BE736 /* MultipeerAdvertiserController.m */,
				DBB8796F1CE2E022005EC483 /* PopulateResourcesIndexOperation.h */,
				DBB879701CE2E022005EC483 /* PopulateResourcesIndexOperation.m */,
				DBA80F7A1CD7F18E00CF7EEF /* MultipeerSessionManager.h */,
				DBA80F7B1CD7F18E00CF7EEF /* MultipeerSessionManager.m */,
				DBA80F771CD7F12000CF7EEF /* AbstractMultipeerController.h */,
				DBA80F781CD7F12000CF7EEF /* AbstractMultipeerController.m */,
				DB6ADC211CCDBE8200C8A5CB /* ViewController.h */,
				DB6ADC221CCDBE8200C8A5CB /* ViewController.m */,
				DBDBF8241CDBFAFC006BE736 /* RigelAppContext.h */,
				DBDBF8251CDBFAFC006BE736 /* RigelAppContext.m */,
				DBB879751CE2E928005EC483 /* RigelErrorHandler.h */,
				DBB879761CE2E928005EC483 /* RigelErrorHandler.m */,
				DB6ADC241CCDBE8200C8A5CB /* Main.storyboard */,
				DB6ADC271CCDBE8200C8A5CB /* Assets.xcassets */,
				DB6ADC291CCDBE8200C8A5CB /* LaunchScreen.storyboard */,
				DB6ADC2C1CCDBE8200C8A5CB /* Info.plist */,
				DB6ADC1B1CCDBE8200C8A5CB /* Supporting Files */,
			);
			path = Rigel;
			sourceTree = "<group>";
		};
		DB6ADC1B1CCDBE8200C8A5CB /* Supporting Files */ = {
			isa = PBXGroup;
			children = (
				DBA80F7D1CD7F96300CF7EEF /* daddy.mp3 */,
				DB6ADC1C1CCDBE8200C8A5CB /* main.m */,
			);
			name = "Supporting Files";
			sourceTree = "<group>";
		};
		DBA80F761CD7EBA900CF7EEF /* Frameworks */ = {
			isa = PBXGroup;
			children = (
				DB8E9B051CCDC64100187252 /* MultipeerConnectivity.framework */,
			);
			name = Frameworks;
			sourceTree = "<group>";
		};
/* End PBXGroup section */

/* Begin PBXNativeTarget section */
		DB6ADC171CCDBE8200C8A5CB /* Rigel */ = {
			isa = PBXNativeTarget;
			buildConfigurationList = DB6ADC2F1CCDBE8200C8A5CB /* Build configuration list for PBXNativeTarget "Rigel" */;
			buildPhases = (
				DB6ADC141CCDBE8200C8A5CB /* Sources */,
				DB6ADC151CCDBE8200C8A5CB /* Frameworks */,
				DB6ADC161CCDBE8200C8A5CB /* Resources */,
			);
			buildRules = (
			);
			dependencies = (
			);
			name = Rigel;
			productName = Rigel;
			productReference = DB6ADC181CCDBE8200C8A5CB /* Rigel.app */;
			productType = "com.apple.product-type.application";
		};
/* End PBXNativeTarget section */

/* Begin PBXProject section */
		DB6ADC101CCDBE8200C8A5CB /* Project object */ = {
			isa = PBXProject;
			attributes = {
				LastUpgradeCheck = 0730;
				ORGANIZATIONNAME = "Cesar Barscevicius";
				TargetAttributes = {
					DB6ADC171CCDBE8200C8A5CB = {
						CreatedOnToolsVersion = 7.3;
					};
					DBDBF8271CDD113F006BE736 = {
						CreatedOnToolsVersion = 7.3;
					};
				};
			};
			buildConfigurationList = DB6ADC131CCDBE8200C8A5CB /* Build configuration list for PBXProject "Rigel" */;
			compatibilityVersion = "Xcode 3.2";
			developmentRegion = English;
			hasScannedForEncodings = 0;
			knownRegions = (
				en,
				Base,
			);
			mainGroup = DB6ADC0F1CCDBE8200C8A5CB;
			productRefGroup = DB6ADC191CCDBE8200C8A5CB /* Products */;
			projectDirPath = "";
			projectRoot = "";
			targets = (
				DB6ADC171CCDBE8200C8A5CB /* Rigel */,
				DBDBF8271CDD113F006BE736 /* Rigel multi-device */,
			);
		};
/* End PBXProject section */

/* Begin PBXResourcesBuildPhase section */
		DB6ADC161CCDBE8200C8A5CB /* Resources */ = {
			isa = PBXResourcesBuildPhase;
			buildActionMask = 2147483647;
			files = (
				DB6ADC2B1CCDBE8200C8A5CB /* LaunchScreen.storyboard in Resources */,
				DBA80F7E1CD7F96300CF7EEF /* daddy.mp3 in Resources */,
				DB6ADC281CCDBE8200C8A5CB /* Assets.xcassets in Resources */,
				DB6ADC261CCDBE8200C8A5CB /* Main.storyboard in Resources */,
			);
			runOnlyForDeploymentPostprocessing = 0;
		};
/* End PBXResourcesBuildPhase section */

/* Begin PBXSourcesBuildPhase section */
		DB6ADC141CCDBE8200C8A5CB /* Sources */ = {
			isa = PBXSourcesBuildPhase;
			buildActionMask = 2147483647;
			files = (
				DBDBF8201CDB7823006BE736 /* MultipeerBrowserController.m in Sources */,
				DB6ADC231CCDBE8200C8A5CB /* ViewController.m in Sources */,
				DBA80F791CD7F12000CF7EEF /* AbstractMultipeerController.m in Sources */,
				DBB879711CE2E022005EC483 /* PopulateResourcesIndexOperation.m in Sources */,
				DBA80F7C1CD7F18E00CF7EEF /* MultipeerSessionManager.m in Sources */,
				DB6ADC201CCDBE8200C8A5CB /* AppDelegate.m in Sources */,
				DBDBF8261CDBFAFC006BE736 /* RigelAppContext.m in Sources */,
				DB6ADC1D1CCDBE8200C8A5CB /* main.m in Sources */,
				DBDBF8231CDB8C7C006BE736 /* MultipeerAdvertiserController.m in Sources */,
				DBB879771CE2E928005EC483 /* RigelErrorHandler.m in Sources */,
			);
			runOnlyForDeploymentPostprocessing = 0;
		};
/* End PBXSourcesBuildPhase section */

/* Begin PBXVariantGroup section */
		DB6ADC241CCDBE8200C8A5CB /* Main.storyboard */ = {
			isa = PBXVariantGroup;
			children = (
				DB6ADC251CCDBE8200C8A5CB /* Base */,
			);
			name = Main.storyboard;
			sourceTree = "<group>";
		};
		DB6ADC291CCDBE8200C8A5CB /* LaunchScreen.storyboard */ = {
			isa = PBXVariantGroup;
			children = (
				DB6ADC2A1CCDBE8200C8A5CB /* Base */,
			);
			name = LaunchScreen.storyboard;
			sourceTree = "<group>";
		};
/* End PBXVariantGroup section */

/* Begin XCBuildConfiguration section */
		DB6ADC2D1CCDBE8200C8A5CB /* Debug */ = {
			isa = XCBuildConfiguration;
			buildSettings = {
				ALWAYS_SEARCH_USER_PATHS = NO;
				CLANG_ANALYZER_NONNULL = YES;
				CLANG_CXX_LANGUAGE_STANDARD = "gnu++0x";
				CLANG_CXX_LIBRARY = "libc++";
				CLANG_ENABLE_MODULES = YES;
				CLANG_ENABLE_OBJC_ARC = YES;
				CLANG_WARN_BOOL_CONVERSION = YES;
				CLANG_WARN_CONSTANT_CONVERSION = YES;
				CLANG_WARN_DIRECT_OBJC_ISA_USAGE = YES_ERROR;
				CLANG_WARN_EMPTY_BODY = YES;
				CLANG_WARN_ENUM_CONVERSION = YES;
				CLANG_WARN_INT_CONVERSION = YES;
				CLANG_WARN_OBJC_ROOT_CLASS = YES_ERROR;
				CLANG_WARN_UNREACHABLE_CODE = YES;
				CLANG_WARN__DUPLICATE_METHOD_MATCH = YES;
				"CODE_SIGN_IDENTITY[sdk=iphoneos*]" = "iPhone Developer";
				COPY_PHASE_STRIP = NO;
				DEBUG_INFORMATION_FORMAT = dwarf;
				ENABLE_STRICT_OBJC_MSGSEND = YES;
				ENABLE_TESTABILITY = YES;
				GCC_C_LANGUAGE_STANDARD = gnu99;
				GCC_DYNAMIC_NO_PIC = NO;
				GCC_NO_COMMON_BLOCKS = YES;
				GCC_OPTIMIZATION_LEVEL = 0;
				GCC_PREPROCESSOR_DEFINITIONS = (
					"DEBUG=1",
					"$(inherited)",
				);
				GCC_WARN_64_TO_32_BIT_CONVERSION = YES;
				GCC_WARN_ABOUT_RETURN_TYPE = YES_ERROR;
				GCC_WARN_UNDECLARED_SELECTOR = YES;
				GCC_WARN_UNINITIALIZED_AUTOS = YES_AGGRESSIVE;
				GCC_WARN_UNUSED_FUNCTION = YES;
				GCC_WARN_UNUSED_VARIABLE = YES;
				IPHONEOS_DEPLOYMENT_TARGET = 9.3;
				MTL_ENABLE_DEBUG_INFO = YES;
				ONLY_ACTIVE_ARCH = YES;
				SDKROOT = iphoneos;
			};
			name = Debug;
		};
		DB6ADC2E1CCDBE8200C8A5CB /* Release */ = {
			isa = XCBuildConfiguration;
			buildSettings = {
				ALWAYS_SEARCH_USER_PATHS = NO;
				CLANG_ANALYZER_NONNULL = YES;
				CLANG_CXX_LANGUAGE_STANDARD = "gnu++0x";
				CLANG_CXX_LIBRARY = "libc++";
				CLANG_ENABLE_MODULES = YES;
				CLANG_ENABLE_OBJC_ARC = YES;
				CLANG_WARN_BOOL_CONVERSION = YES;
				CLANG_WARN_CONSTANT_CONVERSION = YES;
				CLANG_WARN_DIRECT_OBJC_ISA_USAGE = YES_ERROR;
				CLANG_WARN_EMPTY_BODY = YES;
				CLANG_WARN_ENUM_CONVERSION = YES;
				CLANG_WARN_INT_CONVERSION = YES;
				CLANG_WARN_OBJC_ROOT_CLASS = YES_ERROR;
				CLANG_WARN_UNREACHABLE_CODE = YES;
				CLANG_WARN__DUPLICATE_METHOD_MATCH = YES;
				"CODE_SIGN_IDENTITY[sdk=iphoneos*]" = "iPhone Developer";
				COPY_PHASE_STRIP = NO;
				DEBUG_INFORMATION_FORMAT = "dwarf-with-dsym";
				ENABLE_NS_ASSERTIONS = NO;
				ENABLE_STRICT_OBJC_MSGSEND = YES;
				GCC_C_LANGUAGE_STANDARD = gnu99;
				GCC_NO_COMMON_BLOCKS = YES;
				GCC_WARN_64_TO_32_BIT_CONVERSION = YES;
				GCC_WARN_ABOUT_RETURN_TYPE = YES_ERROR;
				GCC_WARN_UNDECLARED_SELECTOR = YES;
				GCC_WARN_UNINITIALIZED_AUTOS = YES_AGGRESSIVE;
				GCC_WARN_UNUSED_FUNCTION = YES;
				GCC_WARN_UNUSED_VARIABLE = YES;
				IPHONEOS_DEPLOYMENT_TARGET = 9.3;
				MTL_ENABLE_DEBUG_INFO = NO;
				SDKROOT = iphoneos;
				VALIDATE_PRODUCT = YES;
			};
			name = Release;
		};
		DB6ADC301CCDBE8200C8A5CB /* Debug */ = {
			isa = XCBuildConfiguration;
			buildSettings = {
				ASSETCATALOG_COMPILER_APPICON_NAME = AppIcon;
				INFOPLIST_FILE = Rigel/Info.plist;
				LD_RUNPATH_SEARCH_PATHS = "$(inherited) @executable_path/Frameworks";
				PRODUCT_BUNDLE_IDENTIFIER = com.cesarbars.Rigel;
				PRODUCT_NAME = "$(TARGET_NAME)";
			};
			name = Debug;
		};
		DB6ADC311CCDBE8200C8A5CB /* Release */ = {
			isa = XCBuildConfiguration;
			buildSettings = {
				ASSETCATALOG_COMPILER_APPICON_NAME = AppIcon;
				INFOPLIST_FILE = Rigel/Info.plist;
				LD_RUNPATH_SEARCH_PATHS = "$(inherited) @executable_path/Frameworks";
				PRODUCT_BUNDLE_IDENTIFIER = com.cesarbars.Rigel;
				PRODUCT_NAME = "$(TARGET_NAME)";
			};
			name = Release;
		};
		DBDBF8291CDD113F006BE736 /* Debug */ = {
			isa = XCBuildConfiguration;
			buildSettings = {
				PRODUCT_NAME = "$(TARGET_NAME)";
			};
			name = Debug;
		};
		DBDBF82A1CDD113F006BE736 /* Release */ = {
			isa = XCBuildConfiguration;
			buildSettings = {
				PRODUCT_NAME = "$(TARGET_NAME)";
			};
			name = Release;
		};
/* End XCBuildConfiguration section */

/* Begin XCConfigurationList section */
		DB6ADC131CCDBE8200C8A5CB /* Build configuration list for PBXProject "Rigel" */ = {
			isa = XCConfigurationList;
			buildConfigurations = (
				DB6ADC2D1CCDBE8200C8A5CB /* Debug */,
				DB6ADC2E1CCDBE8200C8A5CB /* Release */,
			);
			defaultConfigurationIsVisible = 0;
			defaultConfigurationName = Release;
		};
		DB6ADC2F1CCDBE8200C8A5CB /* Build configuration list for PBXNativeTarget "Rigel" */ = {
			isa = XCConfigurationList;
			buildConfigurations = (
				DB6ADC301CCDBE8200C8A5CB /* Debug */,
				DB6ADC311CCDBE8200C8A5CB /* Release */,
			);
			defaultConfigurationIsVisible = 0;
			defaultConfigurationName = Release;
		};
		DBDBF8281CDD113F006BE736 /* Build configuration list for PBXAggregateTarget "Rigel multi-device" */ = {
			isa = XCConfigurationList;
			buildConfigurations = (
				DBDBF8291CDD113F006BE736 /* Debug */,
				DBDBF82A1CDD113F006BE736 /* Release */,
			);
			defaultConfigurationIsVisible = 0;
			defaultConfigurationName = Release;
		};
/* End XCConfigurationList section */
	};
	rootObject = DB6ADC101CCDBE8200C8A5CB /* Project object */;
}
